
Microsoft Visual Studio Solution File, Format Version 12.00
# Visual Studio 15
Project("{FAE04EC0-301F-11D3-BF4B-00C04F79EFBC}") = "Assembly-CSharp", "Assembly-CSharp.csproj", "{540A753A-EDBF-4112-0F2F-447278B0CD55}"
EndProject
Project("{FAE04EC0-301F-11D3-BF4B-00C04F79EFBC}") = "Assembly-CSharp-Editor", "Assembly-CSharp-Editor.csproj", "{AB623FAE-78B3-7E07-7BEA-269E5A1E0196}"
EndProject
Global
	GlobalSection(SolutionConfigurationPlatforms) = preSolution
		Debug|Any CPU = Debug|Any CPU
		Release|Any CPU = Release|Any CPU
	EndGlobalSection
	GlobalSection(ProjectConfigurationPlatforms) = postSolution
		{540A753A-EDBF-4112-0F2F-447278B0CD55}.Debug|Any CPU.ActiveCfg = Debug|Any CPU
		{540A753A-EDBF-4112-0F2F-447278B0CD55}.Debug|Any CPU.Build.0 = Debug|Any CPU
		{540A753A-EDBF-4112-0F2F-447278B0CD55}.Release|Any CPU.ActiveCfg = Release|Any CPU
		{540A753A-EDBF-4112-0F2F-447278B0CD55}.Release|Any CPU.Build.0 = Release|Any CPU
		{AB623FAE-78B3-7E07-7BEA-269E5A1E0196}.Debug|Any CPU.ActiveCfg = Debug|Any CPU
		{AB623FAE-78B3-7E07-7BEA-269E5A1E0196}.Debug|Any CPU.Build.0 = Debug|Any CPU
		{AB623FAE-78B3-7E07-7BEA-269E5A1E0196}.Release|Any CPU.ActiveCfg = Release|Any CPU
		{AB623FAE-78B3-7E07-7BEA-269E5A1E0196}.Release|Any CPU.Build.0 = Release|Any CPU
	EndGlobalSection
	GlobalSection(SolutionProperties) = preSolution
		HideSolutionNode = FALSE
	EndGlobalSection
EndGlobal
